<?xml version="1.0" encoding="UTF-8"?>
<Project ToolsVersion="14.0" xmlns="http://schemas.microsoft.com/developer/msbuild/2003">
  <ItemGroup>
    <ClCompile Include="C:\Users\Michael\Documents\HCI-557-CG\08_DirectLight\main_directlight.cpp">
      <Filter>Source Files</Filter>
    </ClCompile>
    <ClCompile Include="C:\Users\Michael\Documents\HCI-557-CG\08_DirectLight\GLSphereDirect.cpp">
      <Filter>Source Files</Filter>
    </ClCompile>
    <ClCompile Include="C:\Users\Michael\Documents\HCI-557-CG\gl_common\HCI557Common.cpp">
      <Filter>Source Files</Filter>
    </ClCompile>
    <ClCompile Include="C:\Users\Michael\Documents\HCI-557-CG\gl_common\controls.cpp">
      <Filter>Source Files</Filter>
    </ClCompile>
    <ClCompile Include="C:\Users\Michael\Documents\HCI-557-CG\gl_common\CoordSystem.cpp">
      <Filter>Source Files</Filter>
    </ClCompile>
    <ClCompile Include="C:\Users\Michael\Documents\HCI-557-CG\gl_common\GLObject.cpp">
      <Filter>Source Files</Filter>
    </ClCompile>
    <ClCompile Include="C:\Users\Michael\Documents\HCI-557-CG\gl_common\GLSphere.cpp">
      <Filter>Source Files</Filter>
    </ClCompile>
    <ClCompile Include="C:\Users\Michael\Documents\HCI-557-CG\gl_common\Shaders.cpp">
      <Filter>Source Files</Filter>
    </ClCompile>
    <ClCompile Include="C:\Users\Michael\Documents\HCI-557-CG\gl_common\GLAppearance.cpp">
      <Filter>Source Files</Filter>
    </ClCompile>
  </ItemGroup>
  <ItemGroup>
    <ClInclude Include="C:\Users\Michael\Documents\HCI-557-CG\08_DirectLight\GLSphereDirect.h">
      <Filter>Header Files</Filter>
    </ClInclude>
    <ClInclude Include="C:\Users\Michael\Documents\HCI-557-CG\gl_common\HCI557Common.h">
      <Filter>Header Files</Filter>
    </ClInclude>
    <ClInclude Include="C:\Users\Michael\Documents\HCI-557-CG\gl_common\controls.h">
      <Filter>Header Files</Filter>
    </ClInclude>
    <ClInclude Include="C:\Users\Michael\Documents\HCI-557-CG\gl_common\CoordSystem.h">
      <Filter>Header Files</Filter>
    </ClInclude>
    <ClInclude Include="C:\Users\Michael\Documents\HCI-557-CG\gl_common\GLObject.h">
      <Filter>Header Files</Filter>
    </ClInclude>
    <ClInclude Include="C:\Users\Michael\Documents\HCI-557-CG\gl_common\GLSphere.h">
      <Filter>Header Files</Filter>
    </ClInclude>
    <ClInclude Include="C:\Users\Michael\Documents\HCI-557-CG\gl_common\Shaders.h">
      <Filter>Header Files</Filter>
    </ClInclude>
    <ClInclude Include="C:\Users\Michael\Documents\HCI-557-CG\gl_common\HCI557Datatypes.h">
      <Filter>Header Files</Filter>
    </ClInclude>
    <ClInclude Include="C:\Users\Michael\Documents\HCI-557-CG\gl_common\GLAppearance.h">
      <Filter>Header Files</Filter>
    </ClInclude>
  </ItemGroup>
  <ItemGroup>
    <CustomBuild Include="C:\Users\Michael\Documents\HCI-557-CG\08_DirectLight\CMakeLists.txt" />
  </ItemGroup>
  <ItemGroup>
    <Filter Include="Source Files">
      <UniqueIdentifier>{25DBDC35-D9AE-4081-B7AA-C57DA5D92FA6}</UniqueIdentifier>
    </Filter>
    <Filter Include="Header Files">
      <UniqueIdentifier>{5E529B5B-01B5-438E-AD10-1CA0B8FA2AD8}</UniqueIdentifier>
    </Filter>
  </ItemGroup>
</Project>
