<?xml version="1.0" encoding="UTF-8"?>
<Project ToolsVersion="14.0" xmlns="http://schemas.microsoft.com/developer/msbuild/2003">
  <ItemGroup>
    <CustomBuild Include="C:\Users\Michael\Documents\HCI-557-CG\08_DirectLight\CMakeFiles\90330559351c2e4b1196860a3d9a68de\generate.stamp.rule">
      <Filter>CMake Rules</Filter>
    </CustomBuild>
  </ItemGroup>
  <ItemGroup>
    <Filter Include="CMake Rules">
      <UniqueIdentifier>{33981B89-B489-41ED-A246-5CE25797BF28}</UniqueIdentifier>
    </Filter>
  </ItemGroup>
</Project>
