<?xml version="1.0" encoding="utf-8"?>
<Project ToolsVersion="4.0" xmlns="http://schemas.microsoft.com/developer/msbuild/2003">
  <ItemGroup>
    <Filter Include="源文件">
      <UniqueIdentifier>{4FC737F1-C7A5-4376-A066-2A32D752A2FF}</UniqueIdentifier>
      <Extensions>cpp;c;cc;cxx;def;odl;idl;hpj;bat;asm;asmx</Extensions>
    </Filter>
    <Filter Include="头文件">
      <UniqueIdentifier>{93995380-89BD-4b04-88EB-625FBE52EBFB}</UniqueIdentifier>
      <Extensions>h;hpp;hxx;hm;inl;inc;xsd</Extensions>
    </Filter>
    <Filter Include="资源文件">
      <UniqueIdentifier>{67DA6AB6-F800-4c08-8B7A-83BB121AAD01}</UniqueIdentifier>
      <Extensions>rc;ico;cur;bmp;dlg;rc2;rct;bin;rgs;gif;jpg;jpeg;jpe;resx;tiff;tif;png;wav;mfcribbon-ms</Extensions>
    </Filter>
  </ItemGroup>
  <ItemGroup>
    <None Include="ReadMe.txt" />
  </ItemGroup>
  <ItemGroup>
    <ClCompile Include="Box3D.cpp">
      <Filter>源文件</Filter>
    </ClCompile>
    <ClCompile Include="camera.cpp">
      <Filter>源文件</Filter>
    </ClCompile>
    <ClCompile Include="controls.cpp">
      <Filter>源文件</Filter>
    </ClCompile>
    <ClCompile Include="CoordSystem.cpp">
      <Filter>源文件</Filter>
    </ClCompile>
    <ClCompile Include="GLAppearance.cpp">
      <Filter>源文件</Filter>
    </ClCompile>
    <ClCompile Include="GLColoredBox.cpp">
      <Filter>源文件</Filter>
    </ClCompile>
    <ClCompile Include="GLObject.cpp">
      <Filter>源文件</Filter>
    </ClCompile>
    <ClCompile Include="GLObjectObj.cpp">
      <Filter>源文件</Filter>
    </ClCompile>
    <ClCompile Include="GLSphere.cpp">
      <Filter>源文件</Filter>
    </ClCompile>
    <ClCompile Include="HCI557Common.cpp">
      <Filter>源文件</Filter>
    </ClCompile>
    <ClCompile Include="HCI557Datatypes.cpp">
      <Filter>源文件</Filter>
    </ClCompile>
    <ClCompile Include="ModelObj.cpp">
      <Filter>源文件</Filter>
    </ClCompile>
    <ClCompile Include="Plane3D.cpp">
      <Filter>源文件</Filter>
    </ClCompile>
    <ClCompile Include="RayIntersectionTest.cpp">
      <Filter>源文件</Filter>
    </ClCompile>
    <ClCompile Include="Shaders.cpp">
      <Filter>源文件</Filter>
    </ClCompile>
    <ClCompile Include="Sphere3D.cpp">
      <Filter>源文件</Filter>
    </ClCompile>
    <ClCompile Include="trackball.cpp">
      <Filter>源文件</Filter>
    </ClCompile>
    <ClCompile Include="SphereInt3D.cpp">
      <Filter>源文件</Filter>
    </ClCompile>
    <ClCompile Include="GLDiamond.cpp">
      <Filter>源文件</Filter>
    </ClCompile>
    <ClCompile Include="Texture1.cpp">
      <Filter>源文件</Filter>
    </ClCompile>
    <ClCompile Include="main_Pacman game.cpp">
      <Filter>源文件</Filter>
    </ClCompile>
  </ItemGroup>
  <ItemGroup>
    <ClInclude Include="Box3D.h">
      <Filter>头文件</Filter>
    </ClInclude>
    <ClInclude Include="camera.h">
      <Filter>头文件</Filter>
    </ClInclude>
    <ClInclude Include="controls.h">
      <Filter>头文件</Filter>
    </ClInclude>
    <ClInclude Include="CoordSystem.h">
      <Filter>头文件</Filter>
    </ClInclude>
    <ClInclude Include="GLAppearance.h">
      <Filter>头文件</Filter>
    </ClInclude>
    <ClInclude Include="GLAppearanceBase.h">
      <Filter>头文件</Filter>
    </ClInclude>
    <ClInclude Include="GLColoredBox.h">
      <Filter>头文件</Filter>
    </ClInclude>
    <ClInclude Include="GLObject.h">
      <Filter>头文件</Filter>
    </ClInclude>
    <ClInclude Include="GLObjectObj.h">
      <Filter>头文件</Filter>
    </ClInclude>
    <ClInclude Include="GLObjects3D.h">
      <Filter>头文件</Filter>
    </ClInclude>
    <ClInclude Include="GLSphere.h">
      <Filter>头文件</Filter>
    </ClInclude>
    <ClInclude Include="HCI557Common.h">
      <Filter>头文件</Filter>
    </ClInclude>
    <ClInclude Include="HCI557Datatypes.h">
      <Filter>头文件</Filter>
    </ClInclude>
    <ClInclude Include="ModelObj.h">
      <Filter>头文件</Filter>
    </ClInclude>
    <ClInclude Include="Plane3D.h">
      <Filter>头文件</Filter>
    </ClInclude>
    <ClInclude Include="RayIntersectionTest.h">
      <Filter>头文件</Filter>
    </ClInclude>
    <ClInclude Include="Shaders.h">
      <Filter>头文件</Filter>
    </ClInclude>
    <ClInclude Include="Sphere3D.h">
      <Filter>头文件</Filter>
    </ClInclude>
    <ClInclude Include="trackball.h">
      <Filter>头文件</Filter>
    </ClInclude>
    <ClInclude Include="SphereInt3D.h">
      <Filter>头文件</Filter>
    </ClInclude>
    <ClInclude Include="GLDiamond.h">
      <Filter>头文件</Filter>
    </ClInclude>
    <ClInclude Include="Texture1.h">
      <Filter>头文件</Filter>
    </ClInclude>
  </ItemGroup>
</Project>